
Microsoft Visual Studio Solution File, Format Version 12.00
# Visual Studio 2012
Project("{FAE04EC0-301F-11D3-BF4B-00C04F79EFBC}") = "ToyRobot", "ToyRobot\ToyRobot.csproj", "{EA804819-4725-486D-AC9A-3983B6A4C37A}"
EndProject
Project("{FAE04EC0-301F-11D3-BF4B-00C04F79EFBC}") = "ToyRobot.Logic", "ToyRobot.Logic\ToyRobot.Logic.csproj", "{5A619CDD-E1C3-47B9-9460-40201752CFC5}"
EndProject
Project("{FAE04EC0-301F-11D3-BF4B-00C04F79EFBC}") = "ToyRobot.Test", "ToyRobot.Test\ToyRobot.Test.csproj", "{D10107A8-EE0C-4479-A294-4E39D122248B}"
EndProject
Global
	GlobalSection(SolutionConfigurationPlatforms) = preSolution
		Debug|Any CPU = Debug|Any CPU
		Release|Any CPU = Release|Any CPU
	EndGlobalSection
	GlobalSection(ProjectConfigurationPlatforms) = postSolution
		{EA804819-4725-486D-AC9A-3983B6A4C37A}.Debug|Any CPU.ActiveCfg = Debug|Any CPU
		{EA804819-4725-486D-AC9A-3983B6A4C37A}.Debug|Any CPU.Build.0 = Debug|Any CPU
		{EA804819-4725-486D-AC9A-3983B6A4C37A}.Release|Any CPU.ActiveCfg = Release|Any CPU
		{EA804819-4725-486D-AC9A-3983B6A4C37A}.Release|Any CPU.Build.0 = Release|Any CPU
		{5A619CDD-E1C3-47B9-9460-40201752CFC5}.Debug|Any CPU.ActiveCfg = Debug|Any CPU
		{5A619CDD-E1C3-47B9-9460-40201752CFC5}.Debug|Any CPU.Build.0 = Debug|Any CPU
		{5A619CDD-E1C3-47B9-9460-40201752CFC5}.Release|Any CPU.ActiveCfg = Release|Any CPU
		{5A619CDD-E1C3-47B9-9460-40201752CFC5}.Release|Any CPU.Build.0 = Release|Any CPU
		{D10107A8-EE0C-4479-A294-4E39D122248B}.Debug|Any CPU.ActiveCfg = Debug|Any CPU
		{D10107A8-EE0C-4479-A294-4E39D122248B}.Debug|Any CPU.Build.0 = Debug|Any CPU
		{D10107A8-EE0C-4479-A294-4E39D122248B}.Release|Any CPU.ActiveCfg = Release|Any CPU
		{D10107A8-EE0C-4479-A294-4E39D122248B}.Release|Any CPU.Build.0 = Release|Any CPU
	EndGlobalSection
	GlobalSection(SolutionProperties) = preSolution
		HideSolutionNode = FALSE
	EndGlobalSection
EndGlobal
